
Microsoft Visual Studio Solution File, Format Version 12.00
# Visual Studio Version 17
VisualStudioVersion = 17.12.35527.113
MinimumVisualStudioVersion = 10.0.40219.1
Project("{FAE04EC0-301F-11D3-BF4B-00C04F79EFBC}") = "SamaniCrm.Application", "SamaniCrm.Application\SamaniCrm.Application.csproj", "{0EB81048-AAA5-4DB5-B916-5FDD36A3A940}"
EndProject
Project("{FAE04EC0-301F-11D3-BF4B-00C04F79EFBC}") = "SamaniCrm.Domain", "SamaniCrm.Domain\SamaniCrm.Domain.csproj", "{17E1B4B6-F543-4CDE-8FBF-032754AD8174}"
EndProject
Project("{FAE04EC0-301F-11D3-BF4B-00C04F79EFBC}") = "SamaniCrm.Infrastructure", "SamaniCrm.Infrastructure\SamaniCrm.Infrastructure.csproj", "{12856B3F-65C1-410E-A8A4-32A8AEA63A96}"
EndProject
Project("{FAE04EC0-301F-11D3-BF4B-00C04F79EFBC}") = "SamaniCrm.Api", "SamaniCrm.Host\SamaniCrm.Api.csproj", "{C319F349-A557-4E06-8F18-A4F5960C5F11}"
EndProject
Global
	GlobalSection(SolutionConfigurationPlatforms) = preSolution
		Debug|Any CPU = Debug|Any CPU
		Release|Any CPU = Release|Any CPU
	EndGlobalSection
	GlobalSection(ProjectConfigurationPlatforms) = postSolution
		{0EB81048-AAA5-4DB5-B916-5FDD36A3A940}.Debug|Any CPU.ActiveCfg = Debug|Any CPU
		{0EB81048-AAA5-4DB5-B916-5FDD36A3A940}.Debug|Any CPU.Build.0 = Debug|Any CPU
		{0EB81048-AAA5-4DB5-B916-5FDD36A3A940}.Release|Any CPU.ActiveCfg = Release|Any CPU
		{0EB81048-AAA5-4DB5-B916-5FDD36A3A940}.Release|Any CPU.Build.0 = Release|Any CPU
		{17E1B4B6-F543-4CDE-8FBF-032754AD8174}.Debug|Any CPU.ActiveCfg = Debug|Any CPU
		{17E1B4B6-F543-4CDE-8FBF-032754AD8174}.Debug|Any CPU.Build.0 = Debug|Any CPU
		{17E1B4B6-F543-4CDE-8FBF-032754AD8174}.Release|Any CPU.ActiveCfg = Release|Any CPU
		{17E1B4B6-F543-4CDE-8FBF-032754AD8174}.Release|Any CPU.Build.0 = Release|Any CPU
		{12856B3F-65C1-410E-A8A4-32A8AEA63A96}.Debug|Any CPU.ActiveCfg = Debug|Any CPU
		{12856B3F-65C1-410E-A8A4-32A8AEA63A96}.Debug|Any CPU.Build.0 = Debug|Any CPU
		{12856B3F-65C1-410E-A8A4-32A8AEA63A96}.Release|Any CPU.ActiveCfg = Release|Any CPU
		{12856B3F-65C1-410E-A8A4-32A8AEA63A96}.Release|Any CPU.Build.0 = Release|Any CPU
		{C319F349-A557-4E06-8F18-A4F5960C5F11}.Debug|Any CPU.ActiveCfg = Debug|Any CPU
		{C319F349-A557-4E06-8F18-A4F5960C5F11}.Debug|Any CPU.Build.0 = Debug|Any CPU
		{C319F349-A557-4E06-8F18-A4F5960C5F11}.Release|Any CPU.ActiveCfg = Release|Any CPU
		{C319F349-A557-4E06-8F18-A4F5960C5F11}.Release|Any CPU.Build.0 = Release|Any CPU
	EndGlobalSection
	GlobalSection(SolutionProperties) = preSolution
		HideSolutionNode = FALSE
	EndGlobalSection
EndGlobal
